<?xml version="1.0" encoding="utf-8"?>
<Project ToolsVersion="4.0" xmlns="http://schemas.microsoft.com/developer/msbuild/2003">
  <ItemGroup>
    <FxCompile Include="resources\shaders\CopyImage.PS.hlsl">
      <Filter>shader</Filter>
    </FxCompile>
    <FxCompile Include="resources\shaders\FullScreen.VS.hlsl">
      <Filter>shader</Filter>
    </FxCompile>
    <FxCompile Include="resources\shaders\Grayscale.PS.hlsl">
      <Filter>shader</Filter>
    </FxCompile>
    <FxCompile Include="resources\shaders\Object2d.PS.hlsl">
      <Filter>shader</Filter>
    </FxCompile>
    <FxCompile Include="resources\shaders\Object2d.VS.hlsl">
      <Filter>shader</Filter>
    </FxCompile>
    <FxCompile Include="resources\shaders\Object3d.PS.hlsl">
      <Filter>shader</Filter>
    </FxCompile>
    <FxCompile Include="resources\shaders\Object3d.VS.hlsl">
      <Filter>shader</Filter>
    </FxCompile>
    <FxCompile Include="resources\shaders\Particle.PS.hlsl">
      <Filter>shader</Filter>
    </FxCompile>
    <FxCompile Include="resources\shaders\Particle.VS.hlsl">
      <Filter>shader</Filter>
    </FxCompile>
    <FxCompile Include="resources\shaders\SkinningObject3d.VS.hlsl">
      <Filter>shader</Filter>
    </FxCompile>
  </ItemGroup>
  <ItemGroup>
    <ClCompile Include="Engine\Base\DescriptorHeap.cpp">
      <Filter>Engine\Base</Filter>
    </ClCompile>
    <ClCompile Include="Engine\Base\DirectXCommon.cpp">
      <Filter>Engine\Base</Filter>
    </ClCompile>
    <ClCompile Include="Engine\Base\WinApp.cpp">
      <Filter>Engine\Base</Filter>
    </ClCompile>
    <ClCompile Include="Engine\Base\GraphicsPipeline.cpp">
      <Filter>Engine\Base</Filter>
    </ClCompile>
    <ClCompile Include="Engine\Base\ResourceObject.cpp">
      <Filter>Engine\Base</Filter>
    </ClCompile>
    <ClCompile Include="Engine\3D\Shape\OBB.cpp">
      <Filter>Engine\3D\Shape</Filter>
    </ClCompile>
    <ClCompile Include="Engine\3D\Object3D\Particle\ParticleBase.cpp">
      <Filter>Engine\3D\Object3D\Particle</Filter>
    </ClCompile>
    <ClCompile Include="Engine\3D\Object3D\Particle\ParticleManager.cpp">
      <Filter>Engine\3D\Object3D\Particle</Filter>
    </ClCompile>
    <ClCompile Include="Engine\3D\Object3D\Model.cpp">
      <Filter>Engine\3D\Object3D</Filter>
    </ClCompile>
    <ClCompile Include="Engine\3D\Object3D\Object3D.cpp">
      <Filter>Engine\3D\Object3D</Filter>
    </ClCompile>
    <ClCompile Include="Engine\3D\Object3D\SkinAnimObject3D.cpp">
      <Filter>Engine\3D\Object3D</Filter>
    </ClCompile>
    <ClCompile Include="Engine\3D\Object3D\SkyBox.cpp">
      <Filter>Engine\3D\Object3D</Filter>
    </ClCompile>
    <ClCompile Include="Engine\3D\Object3D\Manager\ModelManager.cpp">
      <Filter>Engine\3D\Object3D\Manager</Filter>
    </ClCompile>
    <ClCompile Include="Engine\2D\PostEffect.cpp">
      <Filter>Engine\2D</Filter>
    </ClCompile>
    <ClCompile Include="Engine\3D\ViewProjection.cpp">
      <Filter>Engine\3D</Filter>
    </ClCompile>
    <ClCompile Include="externals\ImGuiManager.cpp">
      <Filter>external</Filter>
    </ClCompile>
    <ClCompile Include="Game\Item\Adjustment_Item.cpp">
      <Filter>Game\AdjustItem</Filter>
    </ClCompile>
    <ClCompile Include="Game\Audio\Audio.cpp">
      <Filter>Game\Audio</Filter>
    </ClCompile>
    <ClCompile Include="Game\Light\DirectionalLight.cpp">
      <Filter>Game\Light</Filter>
    </ClCompile>
    <ClCompile Include="Game\Stage\Floor\Floor.cpp">
      <Filter>Game\Stage</Filter>
    </ClCompile>
    <ClCompile Include="Game\Stage\Floor\FloorManager.cpp">
      <Filter>Game\Stage</Filter>
    </ClCompile>
    <ClCompile Include="Game\Camera\FollowCamera.cpp">
      <Filter>Game\Camera</Filter>
    </ClCompile>
    <ClCompile Include="Game\HitRecord\HitRecord.cpp">
      <Filter>Game\HitRecord</Filter>
    </ClCompile>
    <ClCompile Include="Game\Input\Input.cpp">
      <Filter>Engine\Input</Filter>
    </ClCompile>
    <ClCompile Include="Game\LevelLoader\LevelLoader.cpp">
      <Filter>Game\LevelLoader</Filter>
    </ClCompile>
    <ClCompile Include="Game\Camera\LockOn.cpp">
      <Filter>Game\Camera</Filter>
    </ClCompile>
    <ClCompile Include="Game\WholeGame\MAFramework.cpp">
      <Filter>Game\WholeGame</Filter>
    </ClCompile>
    <ClCompile Include="main.cpp">
      <Filter>.cpp</Filter>
    </ClCompile>
    <ClCompile Include="Game\Light\PointLight.cpp">
      <Filter>Game\Light</Filter>
    </ClCompile>
    <ClCompile Include="Game\random\RandomMaker.cpp">
      <Filter>Engine\math\random</Filter>
    </ClCompile>
    <ClCompile Include="Game\Light\SpotLight.cpp">
      <Filter>Game\Light</Filter>
    </ClCompile>
    <ClCompile Include="Game\WholeGame\WholeGame.cpp">
      <Filter>Game\WholeGame</Filter>
    </ClCompile>
    <ClCompile Include="Engine\2D\TextureManager.cpp">
      <Filter>Engine\2D\Texture</Filter>
    </ClCompile>
    <ClCompile Include="Engine\2D\Sprite.cpp">
      <Filter>Engine\2D\Texture</Filter>
    </ClCompile>
    <ClCompile Include="Engine\3D\Object3D\Effect\TrailEffect.cpp">
      <Filter>Engine\3D\Object3D\Effect</Filter>
    </ClCompile>
    <ClCompile Include="Engine\3D\Object3D\Effect\TrailRender.cpp">
      <Filter>Engine\3D\Object3D\Effect</Filter>
    </ClCompile>
    <ClCompile Include="Game\Stage\StageObject\StageObject.cpp">
      <Filter>Game\Stage\StageObject</Filter>
    </ClCompile>
    <ClCompile Include="Game\Scene\BaseScene\BaseScene.cpp">
      <Filter>Game\Scene\BaseScene</Filter>
    </ClCompile>
    <ClCompile Include="Game\Scene\GameScene\GameScene.cpp">
      <Filter>Game\Scene\Scenes</Filter>
    </ClCompile>
    <ClCompile Include="Game\Scene\ResultScene\ResultScene.cpp">
      <Filter>Game\Scene\Scenes</Filter>
    </ClCompile>
    <ClCompile Include="Game\Scene\TitleScene\TitleScene.cpp">
      <Filter>Game\Scene\Scenes</Filter>
    </ClCompile>
    <ClCompile Include="Game\Scene\SceneManager\SceneManager.cpp">
      <Filter>Game\Scene\SceneManager</Filter>
    </ClCompile>
    <ClCompile Include="Game\Scene\SceneFactory\SceneFactory.cpp">
      <Filter>Game\Scene\SceneFactory</Filter>
    </ClCompile>
    <ClCompile Include="Game\Character\Player\Player.cpp">
      <Filter>Game\Character\Player</Filter>
    </ClCompile>
    <ClCompile Include="Game\Character\Enemy\Enemy.cpp">
      <Filter>Game\Character\Enemy</Filter>
    </ClCompile>
    <ClCompile Include="Game\Character\Player\PlayerState\StateManager\PlayerStateManager.cpp">
      <Filter>Game\Character\Player\PlayerState\Manager</Filter>
    </ClCompile>
    <ClCompile Include="Game\Character\Player\PlayerState\BaseState\BasePlayerState.cpp">
      <Filter>Game\Character\Player\PlayerState\Base</Filter>
    </ClCompile>
    <ClCompile Include="Game\Character\Player\PlayerState\States\PlayerRoot.cpp">
      <Filter>Game\Character\Player\PlayerState\States</Filter>
    </ClCompile>
    <ClCompile Include="Game\Character\Player\PlayerState\States\PlayerAttack.cpp">
      <Filter>Game\Character\Player\PlayerState\States</Filter>
    </ClCompile>
    <ClCompile Include="Game\Character\Player\PlayerState\States\PlayerStrongAttack.cpp">
      <Filter>Game\Character\Player\PlayerState\States</Filter>
    </ClCompile>
    <ClCompile Include="Game\Character\Player\PlayerState\States\PlayerDash.cpp">
      <Filter>Game\Character\Player\PlayerState\States</Filter>
    </ClCompile>
    <ClCompile Include="Game\Time\GameTime.cpp">
      <Filter>Game\Time</Filter>
    </ClCompile>
    <ClCompile Include="Game\Character\Enemy\EnemyManager.cpp">
      <Filter>Game\Character\Enemy</Filter>
    </ClCompile>
    <ClCompile Include="Game\Character\Player\PlayerState\States\PlayerJustAvoid.cpp">
      <Filter>Game\Character\Player\PlayerState\States</Filter>
    </ClCompile>
    <ClCompile Include="Engine\math\Ease\Ease.cpp">
      <Filter>Engine\math</Filter>
    </ClCompile>
    <ClCompile Include="Engine\math\Matrix.cpp">
      <Filter>Engine\math</Filter>
    </ClCompile>
    <ClCompile Include="Engine\math\Matrix4x4.cpp">
      <Filter>Engine\math</Filter>
    </ClCompile>
    <ClCompile Include="Engine\math\Quaternion.cpp">
      <Filter>Engine\math</Filter>
    </ClCompile>
    <ClCompile Include="Engine\math\Vector3.cpp">
      <Filter>Engine\math</Filter>
    </ClCompile>
    <ClCompile Include="Engine\math\Vector4.cpp">
      <Filter>Engine\math</Filter>
    </ClCompile>
    <ClCompile Include="Game\Character\Enemy\EnemyAttackTicket.cpp">
      <Filter>Game\Character\Enemy</Filter>
    </ClCompile>
    <ClCompile Include="Game\Camera\BaseCamera.cpp">
      <Filter>Game\Camera</Filter>
    </ClCompile>
    <ClCompile Include="Game\Character\Enemy\BaseEnemy.cpp">
      <Filter>Game\Character\Enemy</Filter>
    </ClCompile>
    <ClCompile Include="Game\Character\Enemy\BossEnemy.cpp">
      <Filter>Game\Character\Enemy</Filter>
    </ClCompile>
    <ClCompile Include="Game\Character\Player\PlayerState\States\PlayerLeaningBack.cpp">
      <Filter>Game\Character\Player\PlayerState\States</Filter>
    </ClCompile>
  </ItemGroup>
  <ItemGroup>
    <ClInclude Include="Engine\Base\DescriptorHeap.h">
      <Filter>Engine\Base</Filter>
    </ClInclude>
    <ClInclude Include="Engine\Base\DirectXCommon.h">
      <Filter>Engine\Base</Filter>
    </ClInclude>
    <ClInclude Include="Engine\Base\Log.h">
      <Filter>Engine\Base</Filter>
    </ClInclude>
    <ClInclude Include="Engine\Base\WinApp.h">
      <Filter>Engine\Base</Filter>
    </ClInclude>
    <ClInclude Include="Engine\Base\GraphicsPipeline.h">
      <Filter>Engine\Base</Filter>
    </ClInclude>
    <ClInclude Include="Engine\Base\ResourceObject.h">
      <Filter>Engine\Base</Filter>
    </ClInclude>
    <ClInclude Include="Engine\3D\Shape\OBB.h">
      <Filter>Engine\3D\Shape</Filter>
    </ClInclude>
    <ClInclude Include="Engine\3D\Object3D\Particle\ParticleManager.h">
      <Filter>Engine\3D\Object3D\Particle</Filter>
    </ClInclude>
    <ClInclude Include="Engine\3D\Object3D\Particle\ParticleBase.h">
      <Filter>Engine\3D\Object3D\Particle</Filter>
    </ClInclude>
    <ClInclude Include="Engine\3D\Object3D\Model.h">
      <Filter>Engine\3D\Object3D</Filter>
    </ClInclude>
    <ClInclude Include="Engine\3D\Object3D\Object3D.h">
      <Filter>Engine\3D\Object3D</Filter>
    </ClInclude>
    <ClInclude Include="Engine\3D\Object3D\SkinAnimObject3D.h">
      <Filter>Engine\3D\Object3D</Filter>
    </ClInclude>
    <ClInclude Include="Engine\3D\Object3D\SkyBox.h">
      <Filter>Engine\3D\Object3D</Filter>
    </ClInclude>
    <ClInclude Include="Engine\3D\Object3D\Manager\ModelManager.h">
      <Filter>Engine\3D\Object3D\Manager</Filter>
    </ClInclude>
    <ClInclude Include="Engine\2D\PostEffect.h">
      <Filter>Engine\2D</Filter>
    </ClInclude>
    <ClInclude Include="Engine\3D\Transform.h">
      <Filter>Engine\3D</Filter>
    </ClInclude>
    <ClInclude Include="externals\ImGuiManager.h">
      <Filter>external</Filter>
    </ClInclude>
    <ClInclude Include="Game\Item\Adjustment_Item.h">
      <Filter>Game\AdjustItem</Filter>
    </ClInclude>
    <ClInclude Include="Game\Audio\Audio.h">
      <Filter>Game\Audio</Filter>
    </ClInclude>
    <ClInclude Include="Game\Light\DirectionalLight.h">
      <Filter>Game\Light</Filter>
    </ClInclude>
    <ClInclude Include="Game\Stage\Floor\Floor.h">
      <Filter>Game\Stage</Filter>
    </ClInclude>
    <ClInclude Include="Game\Stage\Floor\FloorManager.h">
      <Filter>Game\Stage</Filter>
    </ClInclude>
    <ClInclude Include="Game\Camera\FollowCamera.h">
      <Filter>Game\Camera</Filter>
    </ClInclude>
    <ClInclude Include="Game\HitRecord\HitRecord.h">
      <Filter>Game\HitRecord</Filter>
    </ClInclude>
    <ClInclude Include="Game\Input\Input.h">
      <Filter>Engine\Input</Filter>
    </ClInclude>
    <ClInclude Include="Game\LevelLoader\LevelLoader.h">
      <Filter>Game\LevelLoader</Filter>
    </ClInclude>
    <ClInclude Include="Game\Camera\LockOn.h">
      <Filter>Game\Camera</Filter>
    </ClInclude>
    <ClInclude Include="Game\WholeGame\MAFramework.h">
      <Filter>Game\WholeGame</Filter>
    </ClInclude>
    <ClInclude Include="Game\Light\PointLight.h">
      <Filter>Game\Light</Filter>
    </ClInclude>
    <ClInclude Include="Game\random\RandomMaker.h">
      <Filter>Engine\math\random</Filter>
    </ClInclude>
    <ClInclude Include="Game\Light\SpotLight.h">
      <Filter>Game\Light</Filter>
    </ClInclude>
    <ClInclude Include="Game\WholeGame\WholeGame.h">
      <Filter>Game\WholeGame</Filter>
    </ClInclude>
    <ClInclude Include="Engine\2D\Sprite.h">
      <Filter>Engine\2D\Texture</Filter>
    </ClInclude>
    <ClInclude Include="Engine\2D\TextureManager.h">
      <Filter>Engine\2D\Texture</Filter>
    </ClInclude>
    <ClInclude Include="Engine\3D\Object3D\Effect\TrailEffect.h">
      <Filter>Engine\3D\Object3D\Effect</Filter>
    </ClInclude>
    <ClInclude Include="Engine\3D\Object3D\Effect\TrailRender.h">
      <Filter>Engine\3D\Object3D\Effect</Filter>
    </ClInclude>
    <ClInclude Include="Game\Stage\StageObject\StageObject.h">
      <Filter>Game\Stage\StageObject</Filter>
    </ClInclude>
    <ClInclude Include="Game\Scene\BaseScene\BaseScene.h">
      <Filter>Game\Scene\BaseScene</Filter>
    </ClInclude>
    <ClInclude Include="Game\Scene\GameScene\GameScene.h">
      <Filter>Game\Scene\Scenes</Filter>
    </ClInclude>
    <ClInclude Include="Game\Scene\ResultScene\ResultScene.h">
      <Filter>Game\Scene\Scenes</Filter>
    </ClInclude>
    <ClInclude Include="Game\Scene\TitleScene\TitleScene.h">
      <Filter>Game\Scene\Scenes</Filter>
    </ClInclude>
    <ClInclude Include="Game\Scene\SceneManager\SceneManager.h">
      <Filter>Game\Scene\SceneManager</Filter>
    </ClInclude>
    <ClInclude Include="Game\Scene\SceneFactory\SceneFactory.h">
      <Filter>Game\Scene\SceneFactory</Filter>
    </ClInclude>
    <ClInclude Include="Game\Character\Player\Player.h">
      <Filter>Game\Character\Player</Filter>
    </ClInclude>
    <ClInclude Include="Game\Character\Enemy\Enemy.h">
      <Filter>Game\Character\Enemy</Filter>
    </ClInclude>
    <ClInclude Include="Game\Character\Player\PlayerState\StateManager\PlayerStateManager.h">
      <Filter>Game\Character\Player\PlayerState\Manager</Filter>
    </ClInclude>
    <ClInclude Include="Game\Character\Player\PlayerState\BaseState\BasePlayerState.h">
      <Filter>Game\Character\Player\PlayerState\Base</Filter>
    </ClInclude>
    <ClInclude Include="Game\Character\Player\PlayerState\States\PlayerRoot.h">
      <Filter>Game\Character\Player\PlayerState\States</Filter>
    </ClInclude>
    <ClInclude Include="Game\Character\Player\PlayerState\States\PlayerAttack.h">
      <Filter>Game\Character\Player\PlayerState\States</Filter>
    </ClInclude>
    <ClInclude Include="Game\Character\Player\PlayerState\States\PlayerStrongAttack.h">
      <Filter>Game\Character\Player\PlayerState\States</Filter>
    </ClInclude>
    <ClInclude Include="Game\Character\Player\PlayerState\States\PlayerDash.h">
      <Filter>Game\Character\Player\PlayerState\States</Filter>
    </ClInclude>
    <ClInclude Include="Game\Time\GameTime.h">
      <Filter>Game\Time</Filter>
    </ClInclude>
    <ClInclude Include="Engine\3D\Shape\Collider.h">
      <Filter>Engine\3D\Shape</Filter>
    </ClInclude>
    <ClInclude Include="Engine\3D\Shape\ViewingFrustum.h">
      <Filter>Engine\3D\Shape</Filter>
    </ClInclude>
    <ClInclude Include="Game\Character\Enemy\EnemyManager.h">
      <Filter>Game\Character\Enemy</Filter>
    </ClInclude>
    <ClInclude Include="Game\Character\Player\PlayerState\States\PlayerJustAvoid.h">
      <Filter>Game\Character\Player\PlayerState\States</Filter>
    </ClInclude>
    <ClInclude Include="Engine\math\Ease\Ease.h">
      <Filter>Engine\math</Filter>
    </ClInclude>
    <ClInclude Include="Engine\math\Matrix.h">
      <Filter>Engine\math</Filter>
    </ClInclude>
    <ClInclude Include="Engine\math\Matrix4x4.h">
      <Filter>Engine\math</Filter>
    </ClInclude>
    <ClInclude Include="Engine\math\Quaternion.h">
      <Filter>Engine\math</Filter>
    </ClInclude>
    <ClInclude Include="Engine\math\Vector2.h">
      <Filter>Engine\math</Filter>
    </ClInclude>
    <ClInclude Include="Engine\math\Vector3.h">
      <Filter>Engine\math</Filter>
    </ClInclude>
    <ClInclude Include="Engine\math\Vector4.h">
      <Filter>Engine\math</Filter>
    </ClInclude>
    <ClInclude Include="Engine\3D\ViewProjection.h">
      <Filter>Engine\3D</Filter>
    </ClInclude>
    <ClInclude Include="Engine\AbstractSceneFactory\AbstractSceneFactory.h">
      <Filter>Engine\Scenefactory</Filter>
    </ClInclude>
    <ClInclude Include="Game\Character\Enemy\EnemyAttackTicket.h">
      <Filter>Game\Character\Enemy</Filter>
    </ClInclude>
    <ClInclude Include="Game\Camera\BaseCamera.h">
      <Filter>Game\Camera</Filter>
    </ClInclude>
    <ClInclude Include="Game\Character\Enemy\BaseEnemy.h">
      <Filter>Game\Character\Enemy</Filter>
    </ClInclude>
    <ClInclude Include="Game\Character\Enemy\BossEnemy.h">
      <Filter>Game\Character\Enemy</Filter>
    </ClInclude>
    <ClInclude Include="Game\Character\Player\PlayerState\States\PlayerLeaningBack.h">
      <Filter>Game\Character\Player\PlayerState\States</Filter>
    </ClInclude>
  </ItemGroup>
  <ItemGroup>
    <None Include="resources\shaders\Object2d.hlsli">
      <Filter>shader</Filter>
    </None>
    <None Include="resources\shaders\Object3d.hlsli">
      <Filter>shader</Filter>
    </None>
    <None Include="resources\shaders\Particle.hlsli">
      <Filter>shader</Filter>
    </None>
    <None Include="resources\shaders\FullScreen.hlsli">
      <Filter>shader</Filter>
    </None>
  </ItemGroup>
  <ItemGroup>
    <Filter Include="Engine">
      <UniqueIdentifier>{b49a5318-71e8-4979-98e4-7806ad51fecc}</UniqueIdentifier>
    </Filter>
    <Filter Include="Engine\2D">
      <UniqueIdentifier>{22b574dc-cbdd-467a-8216-27ed2fb6edbd}</UniqueIdentifier>
    </Filter>
    <Filter Include="Engine\Base">
      <UniqueIdentifier>{b0a14b01-dc80-416f-bbb5-4f9da121126a}</UniqueIdentifier>
    </Filter>
    <Filter Include="Engine\3D">
      <UniqueIdentifier>{a047d751-d502-49f1-b2fa-e8de70f56163}</UniqueIdentifier>
    </Filter>
    <Filter Include="Engine\3D\Object3D">
      <UniqueIdentifier>{ec7b523c-66c0-4c77-90fc-32483fc427c2}</UniqueIdentifier>
    </Filter>
    <Filter Include="Engine\3D\Object3D\Manager">
      <UniqueIdentifier>{c1ffe3b0-dc82-435d-a7c5-a481ad2e20e4}</UniqueIdentifier>
    </Filter>
    <Filter Include="Engine\3D\Object3D\Particle">
      <UniqueIdentifier>{b4bafe42-e2a7-464d-991a-7947fb8a00a5}</UniqueIdentifier>
    </Filter>
    <Filter Include="Engine\3D\Shape">
      <UniqueIdentifier>{5a0976e7-3aa3-40b6-898a-79d1daa9c29f}</UniqueIdentifier>
    </Filter>
    <Filter Include="external">
      <UniqueIdentifier>{f7eb1c71-2c73-44fe-9c54-71532c9ae2c7}</UniqueIdentifier>
    </Filter>
    <Filter Include="Game">
      <UniqueIdentifier>{d16e4231-7dd2-4f40-9f3b-4b9decf4be61}</UniqueIdentifier>
    </Filter>
    <Filter Include="shader">
      <UniqueIdentifier>{2400252b-b5c4-4366-ae8a-53d937b852ae}</UniqueIdentifier>
    </Filter>
    <Filter Include=".cpp">
      <UniqueIdentifier>{1d5e4960-17d2-4263-99b9-f7f04c82986b}</UniqueIdentifier>
    </Filter>
    <Filter Include="Game\Audio">
      <UniqueIdentifier>{82f0a175-d9d7-4926-90a0-d985968d130f}</UniqueIdentifier>
    </Filter>
    <Filter Include="Game\Camera">
      <UniqueIdentifier>{ce880bdc-18c3-4458-abf9-34bed44506dc}</UniqueIdentifier>
    </Filter>
    <Filter Include="Game\Character">
      <UniqueIdentifier>{20a69df8-34b5-4ef3-9be1-cc40b43c1ae6}</UniqueIdentifier>
    </Filter>
    <Filter Include="Game\HitRecord">
      <UniqueIdentifier>{86f084a0-2d6d-4d90-9df0-c47f6a53abca}</UniqueIdentifier>
    </Filter>
    <Filter Include="Game\AdjustItem">
      <UniqueIdentifier>{c85b0923-e365-45c5-ad1b-9ceb9789b7b6}</UniqueIdentifier>
    </Filter>
    <Filter Include="Game\LevelLoader">
      <UniqueIdentifier>{ab28ed4e-f274-47e2-9dd9-022e2faef715}</UniqueIdentifier>
    </Filter>
    <Filter Include="Game\Light">
      <UniqueIdentifier>{05716fdf-cf69-488b-be11-c3db681969f3}</UniqueIdentifier>
    </Filter>
    <Filter Include="Game\Scene">
      <UniqueIdentifier>{2934b3cb-d37e-4bf0-b4d9-47e22e9a9462}</UniqueIdentifier>
    </Filter>
    <Filter Include="Game\Stage">
      <UniqueIdentifier>{9a817430-c8bf-48fc-bf89-be2a92a97d69}</UniqueIdentifier>
    </Filter>
    <Filter Include="Game\WholeGame">
      <UniqueIdentifier>{161c92de-43a9-4881-b744-8f4b5c5bfd9d}</UniqueIdentifier>
    </Filter>
    <Filter Include="Game\Character\Player">
      <UniqueIdentifier>{b1576260-8d7b-45a1-9931-bce30413238d}</UniqueIdentifier>
    </Filter>
    <Filter Include="Game\Character\Enemy">
      <UniqueIdentifier>{5b2f24ce-8aff-4d3a-8459-171a8cc86198}</UniqueIdentifier>
    </Filter>
    <Filter Include="Engine\Input">
      <UniqueIdentifier>{e9219768-21b2-46f0-9bfa-ea45efd2e443}</UniqueIdentifier>
    </Filter>
    <Filter Include="Engine\2D\Texture">
      <UniqueIdentifier>{50034218-8b26-4ba5-a95a-44e6e416574a}</UniqueIdentifier>
    </Filter>
    <Filter Include="Engine\3D\Object3D\Effect">
      <UniqueIdentifier>{5079bc1e-c459-4723-ab2b-3684f6565435}</UniqueIdentifier>
    </Filter>
    <Filter Include="Game\Stage\StageObject">
      <UniqueIdentifier>{311ff60b-9e9e-4ad6-822f-a300dc7d85ae}</UniqueIdentifier>
    </Filter>
    <Filter Include="Game\Scene\BaseScene">
      <UniqueIdentifier>{f829c8ab-e971-4a44-9c8e-c86251bdb021}</UniqueIdentifier>
    </Filter>
    <Filter Include="Game\Scene\Scenes">
      <UniqueIdentifier>{12830f0d-9840-4d97-a03f-a5e8893962bf}</UniqueIdentifier>
    </Filter>
    <Filter Include="Game\Scene\SceneManager">
      <UniqueIdentifier>{ab019665-ad3d-4e50-a519-3cf8dddeee02}</UniqueIdentifier>
    </Filter>
    <Filter Include="Game\Scene\SceneFactory">
      <UniqueIdentifier>{94e443d8-deb7-4f94-b452-c59a37918c20}</UniqueIdentifier>
    </Filter>
    <Filter Include="Game\Character\Player\PlayerState">
      <UniqueIdentifier>{e258284b-0b9c-4d72-af59-4217605a037b}</UniqueIdentifier>
    </Filter>
    <Filter Include="Game\Character\Player\PlayerState\Manager">
      <UniqueIdentifier>{6fad05e9-8fa6-477c-951b-1cdb266f7007}</UniqueIdentifier>
    </Filter>
    <Filter Include="Game\Character\Player\PlayerState\Base">
      <UniqueIdentifier>{e1bf7ac7-16f9-45a8-ab72-4751beb11ef8}</UniqueIdentifier>
    </Filter>
    <Filter Include="Game\Character\Player\PlayerState\States">
      <UniqueIdentifier>{01492803-bbb5-4c07-9014-86f73a802892}</UniqueIdentifier>
    </Filter>
    <Filter Include="Game\Time">
      <UniqueIdentifier>{0ffbffeb-ca39-4132-9917-294d21c3a24c}</UniqueIdentifier>
    </Filter>
    <Filter Include="Engine\math">
      <UniqueIdentifier>{49e0e83a-3693-42b0-8be2-5aaa47f69fba}</UniqueIdentifier>
    </Filter>
    <Filter Include="Engine\math\random">
      <UniqueIdentifier>{f9daed1d-5fd6-4324-a250-9fa8fc7a7771}</UniqueIdentifier>
    </Filter>
    <Filter Include="Engine\Scenefactory">
      <UniqueIdentifier>{56092085-232a-4d95-9029-37a7a294bf13}</UniqueIdentifier>
    </Filter>
  </ItemGroup>
</Project>